// !$*UTF8*$!
{
	archiveVersion = 1;
	classes = {
	};
	objectVersion = 46;
	objects = {

/* Begin PBXBuildFile section */
		8B4938A71D2FFA420055E5D6 /* AppDelegate.swift in Sources */ = {isa = PBXBuildFile; fileRef = 8B4938A61D2FFA420055E5D6 /* AppDelegate.swift */; };
		8B4938AC1D2FFA420055E5D6 /* Main.storyboard in Resources */ = {isa = PBXBuildFile; fileRef = 8B4938AA1D2FFA420055E5D6 /* Main.storyboard */; };
		8B4938AE1D2FFA420055E5D6 /* Assets.xcassets in Resources */ = {isa = PBXBuildFile; fileRef = 8B4938AD1D2FFA420055E5D6 /* Assets.xcassets */; };
		8B4938B11D2FFA420055E5D6 /* LaunchScreen.storyboard in Resources */ = {isa = PBXBuildFile; fileRef = 8B4938AF1D2FFA420055E5D6 /* LaunchScreen.storyboard */; };
		8B4938BC1D2FFA420055E5D6 /* PairTests.swift in Sources */ = {isa = PBXBuildFile; fileRef = 8B4938BB1D2FFA420055E5D6 /* PairTests.swift */; };
		8B4938C71D2FFA420055E5D6 /* PairUITests.swift in Sources */ = {isa = PBXBuildFile; fileRef = 8B4938C61D2FFA420055E5D6 /* PairUITests.swift */; };
		8B4938D51D2FFB4A0055E5D6 /* PairRandomizerTableViewController.swift in Sources */ = {isa = PBXBuildFile; fileRef = 8B4938D41D2FFB4A0055E5D6 /* PairRandomizerTableViewController.swift */; };
		8B4938D81D2FFCE60055E5D6 /* NameController.swift in Sources */ = {isa = PBXBuildFile; fileRef = 8B4938D71D2FFCE60055E5D6 /* NameController.swift */; };
		8B4938DC1D2FFD660055E5D6 /* Model.xcdatamodeld in Sources */ = {isa = PBXBuildFile; fileRef = 8B4938DA1D2FFD660055E5D6 /* Model.xcdatamodeld */; };
		8B4938E41D2FFE3E0055E5D6 /* Stack.swift in Sources */ = {isa = PBXBuildFile; fileRef = 8B4938E31D2FFE3E0055E5D6 /* Stack.swift */; };
		8B4938EF1D30147A0055E5D6 /* Name+CoreDataProperties.swift in Sources */ = {isa = PBXBuildFile; fileRef = 8B4938ED1D30147A0055E5D6 /* Name+CoreDataProperties.swift */; };
		8B4938F01D30147A0055E5D6 /* Name.swift in Sources */ = {isa = PBXBuildFile; fileRef = 8B4938EE1D30147A0055E5D6 /* Name.swift */; };
/* End PBXBuildFile section */

/* Begin PBXContainerItemProxy section */
		8B4938B81D2FFA420055E5D6 /* PBXContainerItemProxy */ = {
			isa = PBXContainerItemProxy;
			containerPortal = 8B49389B1D2FFA420055E5D6 /* Project object */;
			proxyType = 1;
			remoteGlobalIDString = 8B4938A21D2FFA420055E5D6;
			remoteInfo = Pair;
		};
		8B4938C31D2FFA420055E5D6 /* PBXContainerItemProxy */ = {
			isa = PBXContainerItemProxy;
			containerPortal = 8B49389B1D2FFA420055E5D6 /* Project object */;
			proxyType = 1;
			remoteGlobalIDString = 8B4938A21D2FFA420055E5D6;
			remoteInfo = Pair;
		};
/* End PBXContainerItemProxy section */

/* Begin PBXFileReference section */
		8B4938A31D2FFA420055E5D6 /* Pair.app */ = {isa = PBXFileReference; explicitFileType = wrapper.application; includeInIndex = 0; path = Pair.app; sourceTree = BUILT_PRODUCTS_DIR; };
		8B4938A61D2FFA420055E5D6 /* AppDelegate.swift */ = {isa = PBXFileReference; lastKnownFileType = sourcecode.swift; path = AppDelegate.swift; sourceTree = "<group>"; };
		8B4938AB1D2FFA420055E5D6 /* Base */ = {isa = PBXFileReference; lastKnownFileType = file.storyboard; name = Base; path = Base.lproj/Main.storyboard; sourceTree = "<group>"; };
		8B4938AD1D2FFA420055E5D6 /* Assets.xcassets */ = {isa = PBXFileReference; lastKnownFileType = folder.assetcatalog; path = Assets.xcassets; sourceTree = "<group>"; };
		8B4938B01D2FFA420055E5D6 /* Base */ = {isa = PBXFileReference; lastKnownFileType = file.storyboard; name = Base; path = Base.lproj/LaunchScreen.storyboard; sourceTree = "<group>"; };
		8B4938B21D2FFA420055E5D6 /* Info.plist */ = {isa = PBXFileReference; lastKnownFileType = text.plist.xml; path = Info.plist; sourceTree = "<group>"; };
		8B4938B71D2FFA420055E5D6 /* PairTests.xctest */ = {isa = PBXFileReference; explicitFileType = wrapper.cfbundle; includeInIndex = 0; path = PairTests.xctest; sourceTree = BUILT_PRODUCTS_DIR; };
		8B4938BB1D2FFA420055E5D6 /* PairTests.swift */ = {isa = PBXFileReference; lastKnownFileType = sourcecode.swift; path = PairTests.swift; sourceTree = "<group>"; };
		8B4938BD1D2FFA420055E5D6 /* Info.plist */ = {isa = PBXFileReference; lastKnownFileType = text.plist.xml; path = Info.plist; sourceTree = "<group>"; };
		8B4938C21D2FFA420055E5D6 /* PairUITests.xctest */ = {isa = PBXFileReference; explicitFileType = wrapper.cfbundle; includeInIndex = 0; path = PairUITests.xctest; sourceTree = BUILT_PRODUCTS_DIR; };
		8B4938C61D2FFA420055E5D6 /* PairUITests.swift */ = {isa = PBXFileReference; lastKnownFileType = sourcecode.swift; path = PairUITests.swift; sourceTree = "<group>"; };
		8B4938C81D2FFA420055E5D6 /* Info.plist */ = {isa = PBXFileReference; lastKnownFileType = text.plist.xml; path = Info.plist; sourceTree = "<group>"; };
		8B4938D41D2FFB4A0055E5D6 /* PairRandomizerTableViewController.swift */ = {isa = PBXFileReference; fileEncoding = 4; lastKnownFileType = sourcecode.swift; path = PairRandomizerTableViewController.swift; sourceTree = SOURCE_ROOT; };
		8B4938D71D2FFCE60055E5D6 /* NameController.swift */ = {isa = PBXFileReference; fileEncoding = 4; lastKnownFileType = sourcecode.swift; path = NameController.swift; sourceTree = "<group>"; };
		8B4938DB1D2FFD660055E5D6 /* Model.xcdatamodel */ = {isa = PBXFileReference; lastKnownFileType = wrapper.xcdatamodel; path = Model.xcdatamodel; sourceTree = "<group>"; };
		8B4938E31D2FFE3E0055E5D6 /* Stack.swift */ = {isa = PBXFileReference; fileEncoding = 4; lastKnownFileType = sourcecode.swift; name = Stack.swift; path = ../../../../Stack.swift; sourceTree = "<group>"; };
		8B4938ED1D30147A0055E5D6 /* Name+CoreDataProperties.swift */ = {isa = PBXFileReference; fileEncoding = 4; lastKnownFileType = sourcecode.swift; name = "Name+CoreDataProperties.swift"; path = "../Name+CoreDataProperties.swift"; sourceTree = "<group>"; };
		8B4938EE1D30147A0055E5D6 /* Name.swift */ = {isa = PBXFileReference; fileEncoding = 4; lastKnownFileType = sourcecode.swift; name = Name.swift; path = ../Name.swift; sourceTree = "<group>"; };
/* End PBXFileReference section */

/* Begin PBXFrameworksBuildPhase section */
		8B4938A01D2FFA420055E5D6 /* Frameworks */ = {
			isa = PBXFrameworksBuildPhase;
			buildActionMask = 2147483647;
			files = (
			);
			runOnlyForDeploymentPostprocessing = 0;
		};
		8B4938B41D2FFA420055E5D6 /* Frameworks */ = {
			isa = PBXFrameworksBuildPhase;
			buildActionMask = 2147483647;
			files = (
			);
			runOnlyForDeploymentPostprocessing = 0;
		};
		8B4938BF1D2FFA420055E5D6 /* Frameworks */ = {
			isa = PBXFrameworksBuildPhase;
			buildActionMask = 2147483647;
			files = (
			);
			runOnlyForDeploymentPostprocessing = 0;
		};
/* End PBXFrameworksBuildPhase section */

/* Begin PBXGroup section */
		8B49389A1D2FFA420055E5D6 = {
			isa = PBXGroup;
			children = (
				8B4938A51D2FFA420055E5D6 /* Pair */,
				8B4938BA1D2FFA420055E5D6 /* PairTests */,
				8B4938C51D2FFA420055E5D6 /* PairUITests */,
				8B4938A41D2FFA420055E5D6 /* Products */,
			);
			sourceTree = "<group>";
		};
		8B4938A41D2FFA420055E5D6 /* Products */ = {
			isa = PBXGroup;
			children = (
				8B4938A31D2FFA420055E5D6 /* Pair.app */,
				8B4938B71D2FFA420055E5D6 /* PairTests.xctest */,
				8B4938C21D2FFA420055E5D6 /* PairUITests.xctest */,
			);
			name = Products;
			sourceTree = "<group>";
		};
		8B4938A51D2FFA420055E5D6 /* Pair */ = {
			isa = PBXGroup;
			children = (
				8B4938A61D2FFA420055E5D6 /* AppDelegate.swift */,
				8B4938AA1D2FFA420055E5D6 /* Main.storyboard */,
				8B4938DD1D2FFD6A0055E5D6 /* Model */,
				8B4938D91D2FFCEB0055E5D6 /* Controller */,
				8B4938D61D2FFB4E0055E5D6 /* View Controller */,
				8B4938AF1D2FFA420055E5D6 /* LaunchScreen.storyboard */,
				8B4938B21D2FFA420055E5D6 /* Info.plist */,
				8B4938AD1D2FFA420055E5D6 /* Assets.xcassets */,
			);
			path = Pair;
			sourceTree = "<group>";
		};
		8B4938BA1D2FFA420055E5D6 /* PairTests */ = {
			isa = PBXGroup;
			children = (
				8B4938BB1D2FFA420055E5D6 /* PairTests.swift */,
				8B4938BD1D2FFA420055E5D6 /* Info.plist */,
			);
			path = PairTests;
			sourceTree = "<group>";
		};
		8B4938C51D2FFA420055E5D6 /* PairUITests */ = {
			isa = PBXGroup;
			children = (
				8B4938C61D2FFA420055E5D6 /* PairUITests.swift */,
				8B4938C81D2FFA420055E5D6 /* Info.plist */,
			);
			path = PairUITests;
			sourceTree = "<group>";
		};
		8B4938D61D2FFB4E0055E5D6 /* View Controller */ = {
			isa = PBXGroup;
			children = (
				8B4938D41D2FFB4A0055E5D6 /* PairRandomizerTableViewController.swift */,
			);
			name = "View Controller";
			sourceTree = "<group>";
		};
		8B4938D91D2FFCEB0055E5D6 /* Controller */ = {
			isa = PBXGroup;
			children = (
				8B4938D71D2FFCE60055E5D6 /* NameController.swift */,
			);
			name = Controller;
			sourceTree = "<group>";
		};
		8B4938DD1D2FFD6A0055E5D6 /* Model */ = {
			isa = PBXGroup;
			children = (
				8B4938DE1D2FFD720055E5D6 /* CoreData */,
			);
			name = Model;
			sourceTree = "<group>";
		};
		8B4938DE1D2FFD720055E5D6 /* CoreData */ = {
			isa = PBXGroup;
			children = (
				8B4938E31D2FFE3E0055E5D6 /* Stack.swift */,
				8B4938DA1D2FFD660055E5D6 /* Model.xcdatamodeld */,
				8B4938ED1D30147A0055E5D6 /* Name+CoreDataProperties.swift */,
				8B4938EE1D30147A0055E5D6 /* Name.swift */,
			);
			name = CoreData;
			sourceTree = "<group>";
		};
/* End PBXGroup section */

/* Begin PBXNativeTarget section */
		8B4938A21D2FFA420055E5D6 /* Pair */ = {
			isa = PBXNativeTarget;
			buildConfigurationList = 8B4938CB1D2FFA420055E5D6 /* Build configuration list for PBXNativeTarget "Pair" */;
			buildPhases = (
				8B49389F1D2FFA420055E5D6 /* Sources */,
				8B4938A01D2FFA420055E5D6 /* Frameworks */,
				8B4938A11D2FFA420055E5D6 /* Resources */,
			);
			buildRules = (
			);
			dependencies = (
			);
			name = Pair;
			productName = Pair;
			productReference = 8B4938A31D2FFA420055E5D6 /* Pair.app */;
			productType = "com.apple.product-type.application";
		};
		8B4938B61D2FFA420055E5D6 /* PairTests */ = {
			isa = PBXNativeTarget;
			buildConfigurationList = 8B4938CE1D2FFA420055E5D6 /* Build configuration list for PBXNativeTarget "PairTests" */;
			buildPhases = (
				8B4938B31D2FFA420055E5D6 /* Sources */,
				8B4938B41D2FFA420055E5D6 /* Frameworks */,
				8B4938B51D2FFA420055E5D6 /* Resources */,
			);
			buildRules = (
			);
			dependencies = (
				8B4938B91D2FFA420055E5D6 /* PBXTargetDependency */,
			);
			name = PairTests;
			productName = PairTests;
			productReference = 8B4938B71D2FFA420055E5D6 /* PairTests.xctest */;
			productType = "com.apple.product-type.bundle.unit-test";
		};
		8B4938C11D2FFA420055E5D6 /* PairUITests */ = {
			isa = PBXNativeTarget;
			buildConfigurationList = 8B4938D11D2FFA420055E5D6 /* Build configuration list for PBXNativeTarget "PairUITests" */;
			buildPhases = (
				8B4938BE1D2FFA420055E5D6 /* Sources */,
				8B4938BF1D2FFA420055E5D6 /* Frameworks */,
				8B4938C01D2FFA420055E5D6 /* Resources */,
			);
			buildRules = (
			);
			dependencies = (
				8B4938C41D2FFA420055E5D6 /* PBXTargetDependency */,
			);
			name = PairUITests;
			productName = PairUITests;
			productReference = 8B4938C21D2FFA420055E5D6 /* PairUITests.xctest */;
			productType = "com.apple.product-type.bundle.ui-testing";
		};
/* End PBXNativeTarget section */

/* Begin PBXProject section */
		8B49389B1D2FFA420055E5D6 /* Project object */ = {
			isa = PBXProject;
			attributes = {
				LastSwiftUpdateCheck = 0730;
				LastUpgradeCheck = 0730;
				ORGANIZATIONNAME = "Sean Gilhuly";
				TargetAttributes = {
					8B4938A21D2FFA420055E5D6 = {
						CreatedOnToolsVersion = 7.3;
					};
					8B4938B61D2FFA420055E5D6 = {
						CreatedOnToolsVersion = 7.3;
						TestTargetID = 8B4938A21D2FFA420055E5D6;
					};
					8B4938C11D2FFA420055E5D6 = {
						CreatedOnToolsVersion = 7.3;
						TestTargetID = 8B4938A21D2FFA420055E5D6;
					};
				};
			};
			buildConfigurationList = 8B49389E1D2FFA420055E5D6 /* Build configuration list for PBXProject "Pair" */;
			compatibilityVersion = "Xcode 3.2";
			developmentRegion = English;
			hasScannedForEncodings = 0;
			knownRegions = (
				en,
				Base,
			);
			mainGroup = 8B49389A1D2FFA420055E5D6;
			productRefGroup = 8B4938A41D2FFA420055E5D6 /* Products */;
			projectDirPath = "";
			projectRoot = "";
			targets = (
				8B4938A21D2FFA420055E5D6 /* Pair */,
				8B4938B61D2FFA420055E5D6 /* PairTests */,
				8B4938C11D2FFA420055E5D6 /* PairUITests */,
			);
		};
/* End PBXProject section */

/* Begin PBXResourcesBuildPhase section */
		8B4938A11D2FFA420055E5D6 /* Resources */ = {
			isa = PBXResourcesBuildPhase;
			buildActionMask = 2147483647;
			files = (
				8B4938B11D2FFA420055E5D6 /* LaunchScreen.storyboard in Resources */,
				8B4938AE1D2FFA420055E5D6 /* Assets.xcassets in Resources */,
				8B4938AC1D2FFA420055E5D6 /* Main.storyboard in Resources */,
			);
			runOnlyForDeploymentPostprocessing = 0;
		};
		8B4938B51D2FFA420055E5D6 /* Resources */ = {
			isa = PBXResourcesBuildPhase;
			buildActionMask = 2147483647;
			files = (
			);
			runOnlyForDeploymentPostprocessing = 0;
		};
		8B4938C01D2FFA420055E5D6 /* Resources */ = {
			isa = PBXResourcesBuildPhase;
			buildActionMask = 2147483647;
			files = (
			);
			runOnlyForDeploymentPostprocessing = 0;
		};
/* End PBXResourcesBuildPhase section */

/* Begin PBXSourcesBuildPhase section */
		8B49389F1D2FFA420055E5D6 /* Sources */ = {
			isa = PBXSourcesBuildPhase;
			buildActionMask = 2147483647;
			files = (
				8B4938EF1D30147A0055E5D6 /* Name+CoreDataProperties.swift in Sources */,
				8B4938D51D2FFB4A0055E5D6 /* PairRandomizerTableViewController.swift in Sources */,
				8B4938E41D2FFE3E0055E5D6 /* Stack.swift in Sources */,
				8B4938A71D2FFA420055E5D6 /* AppDelegate.swift in Sources */,
				8B4938D81D2FFCE60055E5D6 /* NameController.swift in Sources */,
				8B4938F01D30147A0055E5D6 /* Name.swift in Sources */,
				8B4938DC1D2FFD660055E5D6 /* Model.xcdatamodeld in Sources */,
			);
			runOnlyForDeploymentPostprocessing = 0;
		};
		8B4938B31D2FFA420055E5D6 /* Sources */ = {
			isa = PBXSourcesBuildPhase;
			buildActionMask = 2147483647;
			files = (
				8B4938BC1D2FFA420055E5D6 /* PairTests.swift in Sources */,
			);
			runOnlyForDeploymentPostprocessing = 0;
		};
		8B4938BE1D2FFA420055E5D6 /* Sources */ = {
			isa = PBXSourcesBuildPhase;
			buildActionMask = 2147483647;
			files = (
				8B4938C71D2FFA420055E5D6 /* PairUITests.swift in Sources */,
			);
			runOnlyForDeploymentPostprocessing = 0;
		};
/* End PBXSourcesBuildPhase section */

/* Begin PBXTargetDependency section */
		8B4938B91D2FFA420055E5D6 /* PBXTargetDependency */ = {
			isa = PBXTargetDependency;
			target = 8B4938A21D2FFA420055E5D6 /* Pair */;
			targetProxy = 8B4938B81D2FFA420055E5D6 /* PBXContainerItemProxy */;
		};
		8B4938C41D2FFA420055E5D6 /* PBXTargetDependency */ = {
			isa = PBXTargetDependency;
			target = 8B4938A21D2FFA420055E5D6 /* Pair */;
			targetProxy = 8B4938C31D2FFA420055E5D6 /* PBXContainerItemProxy */;
		};
/* End PBXTargetDependency section */

/* Begin PBXVariantGroup section */
		8B4938AA1D2FFA420055E5D6 /* Main.storyboard */ = {
			isa = PBXVariantGroup;
			children = (
				8B4938AB1D2FFA420055E5D6 /* Base */,
			);
			name = Main.storyboard;
			sourceTree = "<group>";
		};
		8B4938AF1D2FFA420055E5D6 /* LaunchScreen.storyboard */ = {
			isa = PBXVariantGroup;
			children = (
				8B4938B01D2FFA420055E5D6 /* Base */,
			);
			name = LaunchScreen.storyboard;
			sourceTree = "<group>";
		};
/* End PBXVariantGroup section */

/* Begin XCBuildConfiguration section */
		8B4938C91D2FFA420055E5D6 /* Debug */ = {
			isa = XCBuildConfiguration;
			buildSettings = {
				ALWAYS_SEARCH_USER_PATHS = NO;
				CLANG_ANALYZER_NONNULL = YES;
				CLANG_CXX_LANGUAGE_STANDARD = "gnu++0x";
				CLANG_CXX_LIBRARY = "libc++";
				CLANG_ENABLE_MODULES = YES;
				CLANG_ENABLE_OBJC_ARC = YES;
				CLANG_WARN_BOOL_CONVERSION = YES;
				CLANG_WARN_CONSTANT_CONVERSION = YES;
				CLANG_WARN_DIRECT_OBJC_ISA_USAGE = YES_ERROR;
				CLANG_WARN_EMPTY_BODY = YES;
				CLANG_WARN_ENUM_CONVERSION = YES;
				CLANG_WARN_INT_CONVERSION = YES;
				CLANG_WARN_OBJC_ROOT_CLASS = YES_ERROR;
				CLANG_WARN_UNREACHABLE_CODE = YES;
				CLANG_WARN__DUPLICATE_METHOD_MATCH = YES;
				"CODE_SIGN_IDENTITY[sdk=iphoneos*]" = "iPhone Developer";
				COPY_PHASE_STRIP = NO;
				DEBUG_INFORMATION_FORMAT = dwarf;
				ENABLE_STRICT_OBJC_MSGSEND = YES;
				ENABLE_TESTABILITY = YES;
				GCC_C_LANGUAGE_STANDARD = gnu99;
				GCC_DYNAMIC_NO_PIC = NO;
				GCC_NO_COMMON_BLOCKS = YES;
				GCC_OPTIMIZATION_LEVEL = 0;
				GCC_PREPROCESSOR_DEFINITIONS = (
					"DEBUG=1",
					"$(inherited)",
				);
				GCC_WARN_64_TO_32_BIT_CONVERSION = YES;
				GCC_WARN_ABOUT_RETURN_TYPE = YES_ERROR;
				GCC_WARN_UNDECLARED_SELECTOR = YES;
				GCC_WARN_UNINITIALIZED_AUTOS = YES_AGGRESSIVE;
				GCC_WARN_UNUSED_FUNCTION = YES;
				GCC_WARN_UNUSED_VARIABLE = YES;
				IPHONEOS_DEPLOYMENT_TARGET = 9.3;
				MTL_ENABLE_DEBUG_INFO = YES;
				ONLY_ACTIVE_ARCH = YES;
				SDKROOT = iphoneos;
				SWIFT_OPTIMIZATION_LEVEL = "-Onone";
			};
			name = Debug;
		};
		8B4938CA1D2FFA420055E5D6 /* Release */ = {
			isa = XCBuildConfiguration;
			buildSettings = {
				ALWAYS_SEARCH_USER_PATHS = NO;
				CLANG_ANALYZER_NONNULL = YES;
				CLANG_CXX_LANGUAGE_STANDARD = "gnu++0x";
				CLANG_CXX_LIBRARY = "libc++";
				CLANG_ENABLE_MODULES = YES;
				CLANG_ENABLE_OBJC_ARC = YES;
				CLANG_WARN_BOOL_CONVERSION = YES;
				CLANG_WARN_CONSTANT_CONVERSION = YES;
				CLANG_WARN_DIRECT_OBJC_ISA_USAGE = YES_ERROR;
				CLANG_WARN_EMPTY_BODY = YES;
				CLANG_WARN_ENUM_CONVERSION = YES;
				CLANG_WARN_INT_CONVERSION = YES;
				CLANG_WARN_OBJC_ROOT_CLASS = YES_ERROR;
				CLANG_WARN_UNREACHABLE_CODE = YES;
				CLANG_WARN__DUPLICATE_METHOD_MATCH = YES;
				"CODE_SIGN_IDENTITY[sdk=iphoneos*]" = "iPhone Developer";
				COPY_PHASE_STRIP = NO;
				DEBUG_INFORMATION_FORMAT = "dwarf-with-dsym";
				ENABLE_NS_ASSERTIONS = NO;
				ENABLE_STRICT_OBJC_MSGSEND = YES;
				GCC_C_LANGUAGE_STANDARD = gnu99;
				GCC_NO_COMMON_BLOCKS = YES;
				GCC_WARN_64_TO_32_BIT_CONVERSION = YES;
				GCC_WARN_ABOUT_RETURN_TYPE = YES_ERROR;
				GCC_WARN_UNDECLARED_SELECTOR = YES;
				GCC_WARN_UNINITIALIZED_AUTOS = YES_AGGRESSIVE;
				GCC_WARN_UNUSED_FUNCTION = YES;
				GCC_WARN_UNUSED_VARIABLE = YES;
				IPHONEOS_DEPLOYMENT_TARGET = 9.3;
				MTL_ENABLE_DEBUG_INFO = NO;
				SDKROOT = iphoneos;
				VALIDATE_PRODUCT = YES;
			};
			name = Release;
		};
		8B4938CC1D2FFA420055E5D6 /* Debug */ = {
			isa = XCBuildConfiguration;
			buildSettings = {
				ASSETCATALOG_COMPILER_APPICON_NAME = AppIcon;
				INFOPLIST_FILE = Pair/Info.plist;
				LD_RUNPATH_SEARCH_PATHS = "$(inherited) @executable_path/Frameworks";
				PRODUCT_BUNDLE_IDENTIFIER = com.seangilhuly.Pair;
				PRODUCT_NAME = "$(TARGET_NAME)";
			};
			name = Debug;
		};
		8B4938CD1D2FFA420055E5D6 /* Release */ = {
			isa = XCBuildConfiguration;
			buildSettings = {
				ASSETCATALOG_COMPILER_APPICON_NAME = AppIcon;
				INFOPLIST_FILE = Pair/Info.plist;
				LD_RUNPATH_SEARCH_PATHS = "$(inherited) @executable_path/Frameworks";
				PRODUCT_BUNDLE_IDENTIFIER = com.seangilhuly.Pair;
				PRODUCT_NAME = "$(TARGET_NAME)";
			};
			name = Release;
		};
		8B4938CF1D2FFA420055E5D6 /* Debug */ = {
			isa = XCBuildConfiguration;
			buildSettings = {
				BUNDLE_LOADER = "$(TEST_HOST)";
				INFOPLIST_FILE = PairTests/Info.plist;
				LD_RUNPATH_SEARCH_PATHS = "$(inherited) @executable_path/Frameworks @loader_path/Frameworks";
				PRODUCT_BUNDLE_IDENTIFIER = com.seangilhuly.PairTests;
				PRODUCT_NAME = "$(TARGET_NAME)";
				TEST_HOST = "$(BUILT_PRODUCTS_DIR)/Pair.app/Pair";
			};
			name = Debug;
		};
		8B4938D01D2FFA420055E5D6 /* Release */ = {
			isa = XCBuildConfiguration;
			buildSettings = {
				BUNDLE_LOADER = "$(TEST_HOST)";
				INFOPLIST_FILE = PairTests/Info.plist;
				LD_RUNPATH_SEARCH_PATHS = "$(inherited) @executable_path/Frameworks @loader_path/Frameworks";
				PRODUCT_BUNDLE_IDENTIFIER = com.seangilhuly.PairTests;
				PRODUCT_NAME = "$(TARGET_NAME)";
				TEST_HOST = "$(BUILT_PRODUCTS_DIR)/Pair.app/Pair";
			};
			name = Release;
		};
		8B4938D21D2FFA420055E5D6 /* Debug */ = {
			isa = XCBuildConfiguration;
			buildSettings = {
				INFOPLIST_FILE = PairUITests/Info.plist;
				LD_RUNPATH_SEARCH_PATHS = "$(inherited) @executable_path/Frameworks @loader_path/Frameworks";
				PRODUCT_BUNDLE_IDENTIFIER = com.seangilhuly.PairUITests;
				PRODUCT_NAME = "$(TARGET_NAME)";
				TEST_TARGET_NAME = Pair;
			};
			name = Debug;
		};
		8B4938D31D2FFA420055E5D6 /* Release */ = {
			isa = XCBuildConfiguration;
			buildSettings = {
				INFOPLIST_FILE = PairUITests/Info.plist;
				LD_RUNPATH_SEARCH_PATHS = "$(inherited) @executable_path/Frameworks @loader_path/Frameworks";
				PRODUCT_BUNDLE_IDENTIFIER = com.seangilhuly.PairUITests;
				PRODUCT_NAME = "$(TARGET_NAME)";
				TEST_TARGET_NAME = Pair;
			};
			name = Release;
		};
/* End XCBuildConfiguration section */

/* Begin XCConfigurationList section */
		8B49389E1D2FFA420055E5D6 /* Build configuration list for PBXProject "Pair" */ = {
			isa = XCConfigurationList;
			buildConfigurations = (
				8B4938C91D2FFA420055E5D6 /* Debug */,
				8B4938CA1D2FFA420055E5D6 /* Release */,
			);
			defaultConfigurationIsVisible = 0;
			defaultConfigurationName = Release;
		};
		8B4938CB1D2FFA420055E5D6 /* Build configuration list for PBXNativeTarget "Pair" */ = {
			isa = XCConfigurationList;
			buildConfigurations = (
				8B4938CC1D2FFA420055E5D6 /* Debug */,
				8B4938CD1D2FFA420055E5D6 /* Release */,
			);
			defaultConfigurationIsVisible = 0;
		};
		8B4938CE1D2FFA420055E5D6 /* Build configuration list for PBXNativeTarget "PairTests" */ = {
			isa = XCConfigurationList;
			buildConfigurations = (
				8B4938CF1D2FFA420055E5D6 /* Debug */,
				8B4938D01D2FFA420055E5D6 /* Release */,
			);
			defaultConfigurationIsVisible = 0;
		};
		8B4938D11D2FFA420055E5D6 /* Build configuration list for PBXNativeTarget "PairUITests" */ = {
			isa = XCConfigurationList;
			buildConfigurations = (
				8B4938D21D2FFA420055E5D6 /* Debug */,
				8B4938D31D2FFA420055E5D6 /* Release */,
			);
			defaultConfigurationIsVisible = 0;
		};
/* End XCConfigurationList section */

/* Begin XCVersionGroup section */
		8B4938DA1D2FFD660055E5D6 /* Model.xcdatamodeld */ = {
			isa = XCVersionGroup;
			children = (
				8B4938DB1D2FFD660055E5D6 /* Model.xcdatamodel */,
			);
			currentVersion = 8B4938DB1D2FFD660055E5D6 /* Model.xcdatamodel */;
			path = Model.xcdatamodeld;
			sourceTree = "<group>";
			versionGroupType = wrapper.xcdatamodel;
		};
/* End XCVersionGroup section */
	};
	rootObject = 8B49389B1D2FFA420055E5D6 /* Project object */;
}
